
Microsoft Visual Studio Solution File, Format Version 12.00
# Visual Studio Version 17
Project("{2150E333-8FDC-42A3-9474-1A3956D46DE8}") = "CMakePredefinedTargets", "CMakePredefinedTargets", "{4C427518-CB54-375F-8EFA-07998576A232}"
EndProject
Project("{8BC9CEB8-8B4A-11D0-8D11-00A0C91BC942}") = "CSC8503", "CSC8503\CSC8503.vcxproj", "{12123F67-2436-3B2E-9366-F79C1EC2A47B}"
	ProjectSection(ProjectDependencies) = postProject
		{FC7F662F-DE6F-3D5C-9C5B-D395F01F62DE} = {FC7F662F-DE6F-3D5C-9C5B-D395F01F62DE}
		{9B75B891-9A81-3E25-9AA9-257AF7EA1717} = {9B75B891-9A81-3E25-9AA9-257AF7EA1717}
		{4119932D-EE4C-3488-B06B-BACD8FF344BD} = {4119932D-EE4C-3488-B06B-BACD8FF344BD}
		{B5C8FFAE-E4BE-3255-94BC-FE080495EE00} = {B5C8FFAE-E4BE-3255-94BC-FE080495EE00}
	EndProjectSection
EndProject
Project("{8BC9CEB8-8B4A-11D0-8D11-00A0C91BC942}") = "ALL_BUILD", "ALL_BUILD.vcxproj", "{72BA182D-09AC-323B-99C8-79A88963A628}"
	ProjectSection(ProjectDependencies) = postProject
		{12123F67-2436-3B2E-9366-F79C1EC2A47B} = {12123F67-2436-3B2E-9366-F79C1EC2A47B}
		{FC7F662F-DE6F-3D5C-9C5B-D395F01F62DE} = {FC7F662F-DE6F-3D5C-9C5B-D395F01F62DE}
		{9B75B891-9A81-3E25-9AA9-257AF7EA1717} = {9B75B891-9A81-3E25-9AA9-257AF7EA1717}
		{4119932D-EE4C-3488-B06B-BACD8FF344BD} = {4119932D-EE4C-3488-B06B-BACD8FF344BD}
		{B5C8FFAE-E4BE-3255-94BC-FE080495EE00} = {B5C8FFAE-E4BE-3255-94BC-FE080495EE00}
	EndProjectSection
EndProject
Project("{8BC9CEB8-8B4A-11D0-8D11-00A0C91BC942}") = "CSC8503CoreClasses", "CSC8503CoreClasses\CSC8503CoreClasses.vcxproj", "{FC7F662F-DE6F-3D5C-9C5B-D395F01F62DE}"
	ProjectSection(ProjectDependencies) = postProject
		{B5C8FFAE-E4BE-3255-94BC-FE080495EE00} = {B5C8FFAE-E4BE-3255-94BC-FE080495EE00}
	EndProjectSection
EndProject
Project("{8BC9CEB8-8B4A-11D0-8D11-00A0C91BC942}") = "NCLCoreClasses", "NCLCoreClasses\NCLCoreClasses.vcxproj", "{9B75B891-9A81-3E25-9AA9-257AF7EA1717}"
	ProjectSection(ProjectDependencies) = postProject
		{B5C8FFAE-E4BE-3255-94BC-FE080495EE00} = {B5C8FFAE-E4BE-3255-94BC-FE080495EE00}
	EndProjectSection
EndProject
Project("{8BC9CEB8-8B4A-11D0-8D11-00A0C91BC942}") = "OpenGLRendering", "OpenGLRendering\OpenGLRendering.vcxproj", "{4119932D-EE4C-3488-B06B-BACD8FF344BD}"
	ProjectSection(ProjectDependencies) = postProject
		{9B75B891-9A81-3E25-9AA9-257AF7EA1717} = {9B75B891-9A81-3E25-9AA9-257AF7EA1717}
		{B5C8FFAE-E4BE-3255-94BC-FE080495EE00} = {B5C8FFAE-E4BE-3255-94BC-FE080495EE00}
	EndProjectSection
EndProject
Project("{8BC9CEB8-8B4A-11D0-8D11-00A0C91BC942}") = "ZERO_CHECK", "ZERO_CHECK.vcxproj", "{B5C8FFAE-E4BE-3255-94BC-FE080495EE00}"
	ProjectSection(ProjectDependencies) = postProject
	EndProjectSection
EndProject
Global
	GlobalSection(SolutionConfigurationPlatforms) = preSolution
		Debug|x64 = Debug|x64
		Release|x64 = Release|x64
	EndGlobalSection
	GlobalSection(ProjectConfigurationPlatforms) = postSolution
		{12123F67-2436-3B2E-9366-F79C1EC2A47B}.Debug|x64.ActiveCfg = Debug|x64
		{12123F67-2436-3B2E-9366-F79C1EC2A47B}.Debug|x64.Build.0 = Debug|x64
		{12123F67-2436-3B2E-9366-F79C1EC2A47B}.Release|x64.ActiveCfg = Release|x64
		{12123F67-2436-3B2E-9366-F79C1EC2A47B}.Release|x64.Build.0 = Release|x64
		{72BA182D-09AC-323B-99C8-79A88963A628}.Debug|x64.ActiveCfg = Debug|x64
		{72BA182D-09AC-323B-99C8-79A88963A628}.Release|x64.ActiveCfg = Release|x64
		{FC7F662F-DE6F-3D5C-9C5B-D395F01F62DE}.Debug|x64.ActiveCfg = Debug|x64
		{FC7F662F-DE6F-3D5C-9C5B-D395F01F62DE}.Debug|x64.Build.0 = Debug|x64
		{FC7F662F-DE6F-3D5C-9C5B-D395F01F62DE}.Release|x64.ActiveCfg = Release|x64
		{FC7F662F-DE6F-3D5C-9C5B-D395F01F62DE}.Release|x64.Build.0 = Release|x64
		{9B75B891-9A81-3E25-9AA9-257AF7EA1717}.Debug|x64.ActiveCfg = Debug|x64
		{9B75B891-9A81-3E25-9AA9-257AF7EA1717}.Debug|x64.Build.0 = Debug|x64
		{9B75B891-9A81-3E25-9AA9-257AF7EA1717}.Release|x64.ActiveCfg = Release|x64
		{9B75B891-9A81-3E25-9AA9-257AF7EA1717}.Release|x64.Build.0 = Release|x64
		{4119932D-EE4C-3488-B06B-BACD8FF344BD}.Debug|x64.ActiveCfg = Debug|x64
		{4119932D-EE4C-3488-B06B-BACD8FF344BD}.Debug|x64.Build.0 = Debug|x64
		{4119932D-EE4C-3488-B06B-BACD8FF344BD}.Release|x64.ActiveCfg = Release|x64
		{4119932D-EE4C-3488-B06B-BACD8FF344BD}.Release|x64.Build.0 = Release|x64
		{B5C8FFAE-E4BE-3255-94BC-FE080495EE00}.Debug|x64.ActiveCfg = Debug|x64
		{B5C8FFAE-E4BE-3255-94BC-FE080495EE00}.Debug|x64.Build.0 = Debug|x64
		{B5C8FFAE-E4BE-3255-94BC-FE080495EE00}.Release|x64.ActiveCfg = Release|x64
		{B5C8FFAE-E4BE-3255-94BC-FE080495EE00}.Release|x64.Build.0 = Release|x64
	EndGlobalSection
	GlobalSection(NestedProjects) = preSolution
		{72BA182D-09AC-323B-99C8-79A88963A628} = {4C427518-CB54-375F-8EFA-07998576A232}
		{B5C8FFAE-E4BE-3255-94BC-FE080495EE00} = {4C427518-CB54-375F-8EFA-07998576A232}
	EndGlobalSection
	GlobalSection(ExtensibilityGlobals) = postSolution
		SolutionGuid = {D43BA7BC-946D-355A-901D-121FA6AC4716}
	EndGlobalSection
	GlobalSection(ExtensibilityAddIns) = postSolution
	EndGlobalSection
EndGlobal
